PODS:
  - CocoaAsyncSocket (7.6.3)
  - CocoaHTTPServer (2.3):
    - CocoaAsyncSocket
    - CocoaLumberjack
  - CocoaLumberjack (3.4.2):
    - CocoaLumberjack/Default (= 3.4.2)
    - CocoaLumberjack/Extensions (= 3.4.2)
  - CocoaLumberjack/Default (3.4.2)
  - CocoaLumberjack/Extensions (3.4.2):
    - CocoaLumberjack/Default
  - NicooM3u8Downloader (0.1.0)
  - NicooPlayer (1.3.1):
    - SnapKit
  - SnapKit (4.2.0)

DEPENDENCIES:
  - CocoaHTTPServer
  - NicooM3u8Downloader (from `../`)
  - NicooPlayer

SPEC REPOS:
  https://github.com/cocoapods/specs.git:
    - CocoaAsyncSocket
    - CocoaHTTPServer
    - CocoaLumberjack
    - NicooPlayer
    - SnapKit

EXTERNAL SOURCES:
  NicooM3u8Downloader:
    :path: "../"

SPEC CHECKSUMS:
  CocoaAsyncSocket: eafaa68a7e0ec99ead0a7b35015e0bf25d2c8987
  CocoaHTTPServer: 5624681fc3473d43b18202f635f9b3abb013b530
  CocoaLumberjack: db7cc9e464771f12054c22ff6947c5a58d43a0fd
  NicooM3u8Downloader: ef9b160a0d2e25554130313554b9bcecfa941cd3
  NicooPlayer: 9d90f4b5e68f593dc7c9eb50e87fadf80c61aafa
  SnapKit: fe8a619752f3f27075cc9a90244d75c6c3f27e2a

PODFILE CHECKSUM: 2da66e49a4279cd1a2b46b9d0bda42b2acd11882

COCOAPODS: 1.5.3
